
Microsoft Visual Studio Solution File, Format Version 12.00
# Visual Studio Version 17
VisualStudioVersion = 17.14.36301.6
MinimumVisualStudioVersion = 10.0.40219.1
Project("{FAE04EC0-301F-11D3-BF4B-00C04F79EFBC}") = "WPFGenerateSignal", "WPFGenerateSignal\WPFGenerateSignal.csproj", "{93D1D1C8-EB74-45E3-8FB5-D4BB0161990F}"
EndProject
Global
	GlobalSection(SolutionConfigurationPlatforms) = preSolution
		Debug|Any CPU = Debug|Any CPU
		Release|Any CPU = Release|Any CPU
	EndGlobalSection
	GlobalSection(ProjectConfigurationPlatforms) = postSolution
		{93D1D1C8-EB74-45E3-8FB5-D4BB0161990F}.Debug|Any CPU.ActiveCfg = Debug|Any CPU
		{93D1D1C8-EB74-45E3-8FB5-D4BB0161990F}.Debug|Any CPU.Build.0 = Debug|Any CPU
		{93D1D1C8-EB74-45E3-8FB5-D4BB0161990F}.Release|Any CPU.ActiveCfg = Release|Any CPU
		{93D1D1C8-EB74-45E3-8FB5-D4BB0161990F}.Release|Any CPU.Build.0 = Release|Any CPU
	EndGlobalSection
	GlobalSection(SolutionProperties) = preSolution
		HideSolutionNode = FALSE
	EndGlobalSection
	GlobalSection(ExtensibilityGlobals) = postSolution
		SolutionGuid = {8907B307-CCBA-4075-AC9A-B7A7B598B2FA}
	EndGlobalSection
EndGlobal
